
Microsoft Visual Studio Solution File, Format Version 12.00
# Visual Studio Version 17
VisualStudioVersion = 17.0.31903.59
MinimumVisualStudioVersion = 10.0.40219.1
Project("{2150E333-8FDC-42A3-9474-1A3956D46DE8}") = "src", "src", "{827E0CD3-B72D-47B6-A68D-7590B98EB39B}"
EndProject
Project("{FAE04EC0-301F-11D3-BF4B-00C04F79EFBC}") = "Polaris.Domain", "src\Polaris.Domain\Polaris.Domain.csproj", "{7A02D43E-411F-4B09-9310-931C5EC612BF}"
EndProject
Project("{FAE04EC0-301F-11D3-BF4B-00C04F79EFBC}") = "Polaris.Application", "src\Polaris.Application\Polaris.Application.csproj", "{69FB8C19-7E28-4FF5-8080-FFFB71E1D387}"
EndProject
Project("{FAE04EC0-301F-11D3-BF4B-00C04F79EFBC}") = "Polaris.Infrastructure", "src\Polaris.Infrastructure\Polaris.Infrastructure.csproj", "{EC08F0AE-EE8A-4216-8293-67842B28E8B1}"
EndProject
Project("{FAE04EC0-301F-11D3-BF4B-00C04F79EFBC}") = "Polaris.API", "src\Polaris.API\Polaris.API.csproj", "{6CDB2BF4-CCA6-4160-8A60-2271A4D59CC4}"
EndProject
Project("{2150E333-8FDC-42A3-9474-1A3956D46DE8}") = "tests", "tests", "{0AB3BF05-4346-4AA6-1389-037BE0695223}"
EndProject
Project("{FAE04EC0-301F-11D3-BF4B-00C04F79EFBC}") = "Polaris.Tests", "tests\Polaris.Tests\Polaris.Tests.csproj", "{87D51AEC-E73A-44D5-A481-70713D685DD7}"
EndProject
Project("{FAE04EC0-301F-11D3-BF4B-00C04F79EFBC}") = "Polaris.Gateway", "src\Polaris.Gateway\Polaris.Gateway\Polaris.Gateway.csproj", "{1E32687A-77B2-433F-9990-10A881D8AF1A}"
EndProject
Global
	GlobalSection(SolutionConfigurationPlatforms) = preSolution
		Debug|Any CPU = Debug|Any CPU
		Debug|x64 = Debug|x64
		Debug|x86 = Debug|x86
		Release|Any CPU = Release|Any CPU
		Release|x64 = Release|x64
		Release|x86 = Release|x86
	EndGlobalSection
	GlobalSection(ProjectConfigurationPlatforms) = postSolution
		{7A02D43E-411F-4B09-9310-931C5EC612BF}.Debug|Any CPU.ActiveCfg = Debug|Any CPU
		{7A02D43E-411F-4B09-9310-931C5EC612BF}.Debug|Any CPU.Build.0 = Debug|Any CPU
		{7A02D43E-411F-4B09-9310-931C5EC612BF}.Debug|x64.ActiveCfg = Debug|Any CPU
		{7A02D43E-411F-4B09-9310-931C5EC612BF}.Debug|x64.Build.0 = Debug|Any CPU
		{7A02D43E-411F-4B09-9310-931C5EC612BF}.Debug|x86.ActiveCfg = Debug|Any CPU
		{7A02D43E-411F-4B09-9310-931C5EC612BF}.Debug|x86.Build.0 = Debug|Any CPU
		{7A02D43E-411F-4B09-9310-931C5EC612BF}.Release|Any CPU.ActiveCfg = Release|Any CPU
		{7A02D43E-411F-4B09-9310-931C5EC612BF}.Release|Any CPU.Build.0 = Release|Any CPU
		{7A02D43E-411F-4B09-9310-931C5EC612BF}.Release|x64.ActiveCfg = Release|Any CPU
		{7A02D43E-411F-4B09-9310-931C5EC612BF}.Release|x64.Build.0 = Release|Any CPU
		{7A02D43E-411F-4B09-9310-931C5EC612BF}.Release|x86.ActiveCfg = Release|Any CPU
		{7A02D43E-411F-4B09-9310-931C5EC612BF}.Release|x86.Build.0 = Release|Any CPU
		{69FB8C19-7E28-4FF5-8080-FFFB71E1D387}.Debug|Any CPU.ActiveCfg = Debug|Any CPU
		{69FB8C19-7E28-4FF5-8080-FFFB71E1D387}.Debug|Any CPU.Build.0 = Debug|Any CPU
		{69FB8C19-7E28-4FF5-8080-FFFB71E1D387}.Debug|x64.ActiveCfg = Debug|Any CPU
		{69FB8C19-7E28-4FF5-8080-FFFB71E1D387}.Debug|x64.Build.0 = Debug|Any CPU
		{69FB8C19-7E28-4FF5-8080-FFFB71E1D387}.Debug|x86.ActiveCfg = Debug|Any CPU
		{69FB8C19-7E28-4FF5-8080-FFFB71E1D387}.Debug|x86.Build.0 = Debug|Any CPU
		{69FB8C19-7E28-4FF5-8080-FFFB71E1D387}.Release|Any CPU.ActiveCfg = Release|Any CPU
		{69FB8C19-7E28-4FF5-8080-FFFB71E1D387}.Release|Any CPU.Build.0 = Release|Any CPU
		{69FB8C19-7E28-4FF5-8080-FFFB71E1D387}.Release|x64.ActiveCfg = Release|Any CPU
		{69FB8C19-7E28-4FF5-8080-FFFB71E1D387}.Release|x64.Build.0 = Release|Any CPU
		{69FB8C19-7E28-4FF5-8080-FFFB71E1D387}.Release|x86.ActiveCfg = Release|Any CPU
		{69FB8C19-7E28-4FF5-8080-FFFB71E1D387}.Release|x86.Build.0 = Release|Any CPU
		{EC08F0AE-EE8A-4216-8293-67842B28E8B1}.Debug|Any CPU.ActiveCfg = Debug|Any CPU
		{EC08F0AE-EE8A-4216-8293-67842B28E8B1}.Debug|Any CPU.Build.0 = Debug|Any CPU
		{EC08F0AE-EE8A-4216-8293-67842B28E8B1}.Debug|x64.ActiveCfg = Debug|Any CPU
		{EC08F0AE-EE8A-4216-8293-67842B28E8B1}.Debug|x64.Build.0 = Debug|Any CPU
		{EC08F0AE-EE8A-4216-8293-67842B28E8B1}.Debug|x86.ActiveCfg = Debug|Any CPU
		{EC08F0AE-EE8A-4216-8293-67842B28E8B1}.Debug|x86.Build.0 = Debug|Any CPU
		{EC08F0AE-EE8A-4216-8293-67842B28E8B1}.Release|Any CPU.ActiveCfg = Release|Any CPU
		{EC08F0AE-EE8A-4216-8293-67842B28E8B1}.Release|Any CPU.Build.0 = Release|Any CPU
		{EC08F0AE-EE8A-4216-8293-67842B28E8B1}.Release|x64.ActiveCfg = Release|Any CPU
		{EC08F0AE-EE8A-4216-8293-67842B28E8B1}.Release|x64.Build.0 = Release|Any CPU
		{EC08F0AE-EE8A-4216-8293-67842B28E8B1}.Release|x86.ActiveCfg = Release|Any CPU
		{EC08F0AE-EE8A-4216-8293-67842B28E8B1}.Release|x86.Build.0 = Release|Any CPU
		{6CDB2BF4-CCA6-4160-8A60-2271A4D59CC4}.Debug|Any CPU.ActiveCfg = Debug|Any CPU
		{6CDB2BF4-CCA6-4160-8A60-2271A4D59CC4}.Debug|Any CPU.Build.0 = Debug|Any CPU
		{6CDB2BF4-CCA6-4160-8A60-2271A4D59CC4}.Debug|x64.ActiveCfg = Debug|Any CPU
		{6CDB2BF4-CCA6-4160-8A60-2271A4D59CC4}.Debug|x64.Build.0 = Debug|Any CPU
		{6CDB2BF4-CCA6-4160-8A60-2271A4D59CC4}.Debug|x86.ActiveCfg = Debug|Any CPU
		{6CDB2BF4-CCA6-4160-8A60-2271A4D59CC4}.Debug|x86.Build.0 = Debug|Any CPU
		{6CDB2BF4-CCA6-4160-8A60-2271A4D59CC4}.Release|Any CPU.ActiveCfg = Release|Any CPU
		{6CDB2BF4-CCA6-4160-8A60-2271A4D59CC4}.Release|Any CPU.Build.0 = Release|Any CPU
		{6CDB2BF4-CCA6-4160-8A60-2271A4D59CC4}.Release|x64.ActiveCfg = Release|Any CPU
		{6CDB2BF4-CCA6-4160-8A60-2271A4D59CC4}.Release|x64.Build.0 = Release|Any CPU
		{6CDB2BF4-CCA6-4160-8A60-2271A4D59CC4}.Release|x86.ActiveCfg = Release|Any CPU
		{6CDB2BF4-CCA6-4160-8A60-2271A4D59CC4}.Release|x86.Build.0 = Release|Any CPU
		{87D51AEC-E73A-44D5-A481-70713D685DD7}.Debug|Any CPU.ActiveCfg = Debug|Any CPU
		{87D51AEC-E73A-44D5-A481-70713D685DD7}.Debug|Any CPU.Build.0 = Debug|Any CPU
		{87D51AEC-E73A-44D5-A481-70713D685DD7}.Debug|x64.ActiveCfg = Debug|Any CPU
		{87D51AEC-E73A-44D5-A481-70713D685DD7}.Debug|x64.Build.0 = Debug|Any CPU
		{87D51AEC-E73A-44D5-A481-70713D685DD7}.Debug|x86.ActiveCfg = Debug|Any CPU
		{87D51AEC-E73A-44D5-A481-70713D685DD7}.Debug|x86.Build.0 = Debug|Any CPU
		{87D51AEC-E73A-44D5-A481-70713D685DD7}.Release|Any CPU.ActiveCfg = Release|Any CPU
		{87D51AEC-E73A-44D5-A481-70713D685DD7}.Release|Any CPU.Build.0 = Release|Any CPU
		{87D51AEC-E73A-44D5-A481-70713D685DD7}.Release|x64.ActiveCfg = Release|Any CPU
		{87D51AEC-E73A-44D5-A481-70713D685DD7}.Release|x64.Build.0 = Release|Any CPU
		{87D51AEC-E73A-44D5-A481-70713D685DD7}.Release|x86.ActiveCfg = Release|Any CPU
		{87D51AEC-E73A-44D5-A481-70713D685DD7}.Release|x86.Build.0 = Release|Any CPU
		{1E32687A-77B2-433F-9990-10A881D8AF1A}.Debug|Any CPU.ActiveCfg = Debug|Any CPU
		{1E32687A-77B2-433F-9990-10A881D8AF1A}.Debug|Any CPU.Build.0 = Debug|Any CPU
		{1E32687A-77B2-433F-9990-10A881D8AF1A}.Debug|x64.ActiveCfg = Debug|Any CPU
		{1E32687A-77B2-433F-9990-10A881D8AF1A}.Debug|x64.Build.0 = Debug|Any CPU
		{1E32687A-77B2-433F-9990-10A881D8AF1A}.Debug|x86.ActiveCfg = Debug|Any CPU
		{1E32687A-77B2-433F-9990-10A881D8AF1A}.Debug|x86.Build.0 = Debug|Any CPU
		{1E32687A-77B2-433F-9990-10A881D8AF1A}.Release|Any CPU.ActiveCfg = Release|Any CPU
		{1E32687A-77B2-433F-9990-10A881D8AF1A}.Release|Any CPU.Build.0 = Release|Any CPU
		{1E32687A-77B2-433F-9990-10A881D8AF1A}.Release|x64.ActiveCfg = Release|Any CPU
		{1E32687A-77B2-433F-9990-10A881D8AF1A}.Release|x64.Build.0 = Release|Any CPU
		{1E32687A-77B2-433F-9990-10A881D8AF1A}.Release|x86.ActiveCfg = Release|Any CPU
		{1E32687A-77B2-433F-9990-10A881D8AF1A}.Release|x86.Build.0 = Release|Any CPU
	EndGlobalSection
	GlobalSection(SolutionProperties) = preSolution
		HideSolutionNode = FALSE
	EndGlobalSection
	GlobalSection(NestedProjects) = preSolution
		{7A02D43E-411F-4B09-9310-931C5EC612BF} = {827E0CD3-B72D-47B6-A68D-7590B98EB39B}
		{69FB8C19-7E28-4FF5-8080-FFFB71E1D387} = {827E0CD3-B72D-47B6-A68D-7590B98EB39B}
		{EC08F0AE-EE8A-4216-8293-67842B28E8B1} = {827E0CD3-B72D-47B6-A68D-7590B98EB39B}
		{6CDB2BF4-CCA6-4160-8A60-2271A4D59CC4} = {827E0CD3-B72D-47B6-A68D-7590B98EB39B}
		{87D51AEC-E73A-44D5-A481-70713D685DD7} = {0AB3BF05-4346-4AA6-1389-037BE0695223}
		{1E32687A-77B2-433F-9990-10A881D8AF1A} = {827E0CD3-B72D-47B6-A68D-7590B98EB39B}
	EndGlobalSection
	GlobalSection(ExtensibilityGlobals) = postSolution
		SolutionGuid = {EA7DD798-C4B9-433D-ADEB-4EEBC8EF3DDC}
	EndGlobalSection
EndGlobal
